
Microsoft Visual Studio Solution File, Format Version 12.00
# Visual Studio Version 17
VisualStudioVersion = 17.0.31903.59
MinimumVisualStudioVersion = 10.0.40219.1
Project("{9A19103F-16F7-4668-BE54-9A1E7A4F7556}") = "DigitizingNoteFs.Wpf", "DigitizingNoteFs.Wpf\DigitizingNoteFs.Wpf.csproj", "{B5D6473F-6993-4964-A87A-579F5CD9DF71}"
EndProject
Project("{2150E333-8FDC-42A3-9474-1A3956D46DE8}") = "Core", "Core", "{577B4AFB-9EBE-4BE6-9772-5137A5E0DC7D}"
EndProject
Project("{9A19103F-16F7-4668-BE54-9A1E7A4F7556}") = "DigitizingNoteFs.XConsole", "DigitizingNoteFs.XConsole\DigitizingNoteFs.XConsole.csproj", "{CE00F888-F3A3-42F6-9BD2-B253672F6669}"
EndProject
Project("{9A19103F-16F7-4668-BE54-9A1E7A4F7556}") = "DigitizingNoteFs.Core", "DigitizingNoteFs.Core\DigitizingNoteFs.Core.csproj", "{152B9985-EF58-4DFF-91D2-27445345D976}"
EndProject
Project("{FAE04EC0-301F-11D3-BF4B-00C04F79EFBC}") = "DigitizingNoteFs.Shared", "DigitizingNoteFs.Shared\DigitizingNoteFs.Shared.csproj", "{9F7B1C1D-2C8C-4254-BC50-FE6752987228}"
EndProject
Global
	GlobalSection(SolutionConfigurationPlatforms) = preSolution
		Debug|Any CPU = Debug|Any CPU
		Release|Any CPU = Release|Any CPU
	EndGlobalSection
	GlobalSection(ProjectConfigurationPlatforms) = postSolution
		{B5D6473F-6993-4964-A87A-579F5CD9DF71}.Debug|Any CPU.ActiveCfg = Debug|Any CPU
		{B5D6473F-6993-4964-A87A-579F5CD9DF71}.Debug|Any CPU.Build.0 = Debug|Any CPU
		{B5D6473F-6993-4964-A87A-579F5CD9DF71}.Release|Any CPU.ActiveCfg = Release|Any CPU
		{B5D6473F-6993-4964-A87A-579F5CD9DF71}.Release|Any CPU.Build.0 = Release|Any CPU
		{CE00F888-F3A3-42F6-9BD2-B253672F6669}.Debug|Any CPU.ActiveCfg = Debug|Any CPU
		{CE00F888-F3A3-42F6-9BD2-B253672F6669}.Debug|Any CPU.Build.0 = Debug|Any CPU
		{CE00F888-F3A3-42F6-9BD2-B253672F6669}.Release|Any CPU.ActiveCfg = Release|Any CPU
		{CE00F888-F3A3-42F6-9BD2-B253672F6669}.Release|Any CPU.Build.0 = Release|Any CPU
		{152B9985-EF58-4DFF-91D2-27445345D976}.Debug|Any CPU.ActiveCfg = Debug|Any CPU
		{152B9985-EF58-4DFF-91D2-27445345D976}.Debug|Any CPU.Build.0 = Debug|Any CPU
		{152B9985-EF58-4DFF-91D2-27445345D976}.Release|Any CPU.ActiveCfg = Release|Any CPU
		{152B9985-EF58-4DFF-91D2-27445345D976}.Release|Any CPU.Build.0 = Release|Any CPU
		{9F7B1C1D-2C8C-4254-BC50-FE6752987228}.Debug|Any CPU.ActiveCfg = Debug|Any CPU
		{9F7B1C1D-2C8C-4254-BC50-FE6752987228}.Debug|Any CPU.Build.0 = Debug|Any CPU
		{9F7B1C1D-2C8C-4254-BC50-FE6752987228}.Release|Any CPU.ActiveCfg = Release|Any CPU
		{9F7B1C1D-2C8C-4254-BC50-FE6752987228}.Release|Any CPU.Build.0 = Release|Any CPU
	EndGlobalSection
	GlobalSection(SolutionProperties) = preSolution
		HideSolutionNode = FALSE
	EndGlobalSection
	GlobalSection(NestedProjects) = preSolution
		{152B9985-EF58-4DFF-91D2-27445345D976} = {577B4AFB-9EBE-4BE6-9772-5137A5E0DC7D}
		{9F7B1C1D-2C8C-4254-BC50-FE6752987228} = {577B4AFB-9EBE-4BE6-9772-5137A5E0DC7D}
	EndGlobalSection
	GlobalSection(ExtensibilityGlobals) = postSolution
		SolutionGuid = {791F7BB1-AF52-4D0B-8726-15339DA288FA}
	EndGlobalSection
EndGlobal
